
Microsoft Visual Studio Solution File, Format Version 12.00
# Visual Studio Version 17
VisualStudioVersion = 17.0.31903.59
MinimumVisualStudioVersion = 10.0.40219.1
Project("{9A19103F-16F7-4668-BE54-9A1E7A4F7556}") = "Apricot", "Apricot\Apricot.csproj", "{BD8A16AC-5E63-4709-B8ED-78C8FFBAECE7}"
EndProject
Project("{FAE04EC0-301F-11D3-BF4B-00C04F79EFBC}") = "Weather", "Weather\Weather.csproj", "{1F6EFC03-058D-445A-BB83-08830C251C60}"
EndProject
Project("{FAE04EC0-301F-11D3-BF4B-00C04F79EFBC}") = "Notifications", "Notifications\Notifications.csproj", "{F615292B-AC8F-4412-9810-03A06D2000D7}"
EndProject
Global
	GlobalSection(SolutionConfigurationPlatforms) = preSolution
		Debug|Any CPU = Debug|Any CPU
		Release|Any CPU = Release|Any CPU
	EndGlobalSection
	GlobalSection(ProjectConfigurationPlatforms) = postSolution
		{BD8A16AC-5E63-4709-B8ED-78C8FFBAECE7}.Debug|Any CPU.ActiveCfg = Debug|Any CPU
		{BD8A16AC-5E63-4709-B8ED-78C8FFBAECE7}.Debug|Any CPU.Build.0 = Debug|Any CPU
		{BD8A16AC-5E63-4709-B8ED-78C8FFBAECE7}.Release|Any CPU.ActiveCfg = Release|Any CPU
		{BD8A16AC-5E63-4709-B8ED-78C8FFBAECE7}.Release|Any CPU.Build.0 = Release|Any CPU
		{1F6EFC03-058D-445A-BB83-08830C251C60}.Debug|Any CPU.ActiveCfg = Debug|Any CPU
		{1F6EFC03-058D-445A-BB83-08830C251C60}.Debug|Any CPU.Build.0 = Debug|Any CPU
		{1F6EFC03-058D-445A-BB83-08830C251C60}.Release|Any CPU.ActiveCfg = Release|Any CPU
		{1F6EFC03-058D-445A-BB83-08830C251C60}.Release|Any CPU.Build.0 = Release|Any CPU
		{F615292B-AC8F-4412-9810-03A06D2000D7}.Debug|Any CPU.ActiveCfg = Debug|Any CPU
		{F615292B-AC8F-4412-9810-03A06D2000D7}.Debug|Any CPU.Build.0 = Debug|Any CPU
		{F615292B-AC8F-4412-9810-03A06D2000D7}.Release|Any CPU.ActiveCfg = Release|Any CPU
		{F615292B-AC8F-4412-9810-03A06D2000D7}.Release|Any CPU.Build.0 = Release|Any CPU
	EndGlobalSection
	GlobalSection(SolutionProperties) = preSolution
		HideSolutionNode = FALSE
	EndGlobalSection
	GlobalSection(ExtensibilityGlobals) = postSolution
		SolutionGuid = {22F27465-E501-4F76-9FE9-AAE5E9089D18}
	EndGlobalSection
EndGlobal
