
Microsoft Visual Studio Solution File, Format Version 12.00
# Visual Studio 15
VisualStudioVersion = 15.0.27130.2020
MinimumVisualStudioVersion = 10.0.40219.1
Project("{FAE04EC0-301F-11D3-BF4B-00C04F79EFBC}") = "Apricot", "Apricot\Apricot.csproj", "{C599A39E-E9C3-4AB2-A4EA-0378077CDA60}"
EndProject
Global
	GlobalSection(SolutionConfigurationPlatforms) = preSolution
		Debug|Any CPU = Debug|Any CPU
		Release|Any CPU = Release|Any CPU
	EndGlobalSection
	GlobalSection(ProjectConfigurationPlatforms) = postSolution
		{C599A39E-E9C3-4AB2-A4EA-0378077CDA60}.Debug|Any CPU.ActiveCfg = Debug|Any CPU
		{C599A39E-E9C3-4AB2-A4EA-0378077CDA60}.Debug|Any CPU.Build.0 = Debug|Any CPU
		{C599A39E-E9C3-4AB2-A4EA-0378077CDA60}.Release|Any CPU.ActiveCfg = Release|Any CPU
		{C599A39E-E9C3-4AB2-A4EA-0378077CDA60}.Release|Any CPU.Build.0 = Release|Any CPU
	EndGlobalSection
	GlobalSection(SolutionProperties) = preSolution
		HideSolutionNode = FALSE
	EndGlobalSection
	GlobalSection(ExtensibilityGlobals) = postSolution
		SolutionGuid = {58EB5D4F-0807-4833-BF47-23675F0F0114}
	EndGlobalSection
EndGlobal
